{
  "name": "racing-plus",
  "version": "0.56.0",
  "lockfileVersion": 2,
  "requires": true,
  "packages": {
    "": {
      "version": "0.56.0",
      "license": "GPL-3.0",
      "dependencies": {
        "isaac-typescript-definitions": "../isaac-typescript-definitions",
        "isaacscript": "../isaacscript"
      }
    },
    "../isaac-typescript-definitions": {
      "version": "1.0.44",
      "license": "GPL-3.0",
      "dependencies": {
        "lua-types": "^2.10.1"
      },
      "devDependencies": {
        "isaacscript-lint": "^1.0.21",
        "typescript": "^4.2.4"
      }
    },
    "../isaacscript": {
      "version": "1.0.85",
      "license": "GPL-3.0",
      "dependencies": {
        "chalk": "^4.1.1",
        "figlet": "^1.5.0",
        "fs-extra": "^10.0.0",
        "isaac-typescript-definitions": "^1.0.44",
        "isaacscript-lint": "^1.0.21",
        "jsonc-parser": "^3.0.0",
        "moment": "^2.29.1",
        "prompts": "^2.4.1",
        "source-map-support": "^0.5.19",
        "sync-directory": "^2.2.20",
        "typescript": "^4.2.4",
        "typescript-to-lua": "^0.39.3",
        "update-notifier": "^5.1.0",
        "yargs": "^17.0.1"
      },
      "bin": {
        "isaacscript": "dist/src/main.js"
      },
      "devDependencies": {
        "@tsconfig/node16": "^1.0.1",
        "@types/figlet": "^1.5.1",
        "@types/fs-extra": "^9.0.11",
        "@types/node": "^15.6.0",
        "@types/prompts": "^2.0.12",
        "@types/source-map-support": "^0.5.3",
        "@types/update-notifier": "^5.0.0",
        "@types/yargs": "^17.0.0"
      }
    },
    "node_modules/isaac-typescript-definitions": {
      "resolved": "../isaac-typescript-definitions",
      "link": true
    },
    "node_modules/isaacscript": {
      "resolved": "../isaacscript",
      "link": true
    }
  },
  "dependencies": {
    "isaac-typescript-definitions": {
      "version": "file:../isaac-typescript-definitions",
      "requires": {
        "isaacscript-lint": "^1.0.21",
        "lua-types": "^2.10.1",
        "typescript": "^4.2.4"
      }
    },
    "isaacscript": {
      "version": "file:../isaacscript",
      "requires": {
        "@tsconfig/node16": "^1.0.1",
        "@types/figlet": "^1.5.1",
        "@types/fs-extra": "^9.0.11",
        "@types/node": "^15.6.0",
        "@types/prompts": "^2.0.12",
        "@types/source-map-support": "^0.5.3",
        "@types/update-notifier": "^5.0.0",
        "@types/yargs": "^17.0.0",
        "chalk": "^4.1.1",
        "figlet": "^1.5.0",
        "fs-extra": "^10.0.0",
        "isaac-typescript-definitions": "^1.0.44",
        "isaacscript-lint": "^1.0.21",
        "jsonc-parser": "^3.0.0",
        "moment": "^2.29.1",
        "prompts": "^2.4.1",
        "source-map-support": "^0.5.19",
        "sync-directory": "^2.2.20",
        "typescript": "^4.2.4",
        "typescript-to-lua": "^0.39.3",
        "update-notifier": "^5.1.0",
        "yargs": "^17.0.1"
      }
    }
  }
}
